# This file is automatically @generated by Cargo.
# It is not intended for manual editing.
version = 3

[[package]]
name = "arrayvec"
version = "0.7.6"
source = "registry+https://github.com/rust-lang/crates.io-index"
checksum = "7c02d123df017efcdfbd739ef81735b36c5ba83ec3c59c80a9d7ecc718f92e50"

[[package]]
name = "atomic"
version = "0.6.1"
source = "registry+https://github.com/rust-lang/crates.io-index"
checksum = "a89cbf775b137e9b968e67227ef7f775587cde3fd31b0d8599dbd0f598a48340"
dependencies = [
 "bytemuck",
]

[[package]]
name = "autocfg"
version = "1.3.0"
source = "registry+https://github.com/rust-lang/crates.io-index"
checksum = "0c4b4d0bd25bd0b74681c0ad21497610ce1b7c91b1022cd21c80c6fbdd9476b0"

[[package]]
name = "bitflags"
version = "2.8.0"
source = "registry+https://github.com/rust-lang/crates.io-index"
checksum = "8f68f53c83ab957f72c32642f3868eec03eb974d1fb82e453128456482613d36"

[[package]]
name = "bitvec"
version = "1.0.1"
source = "registry+https://github.com/rust-lang/crates.io-index"
checksum = "1bc2832c24239b0141d5674bb9174f9d68a8b5b3f2753311927c172ca46f7e9c"
dependencies = [
 "funty",
 "radium",
 "tap",
 "wyz",
]

[[package]]
name = "bytemuck"
version = "1.23.1"
source = "registry+https://github.com/rust-lang/crates.io-index"
checksum = "5c76a5792e44e4abe34d3abf15636779261d45a7450612059293d1d2cfc63422"

[[package]]
name = "convert_case"
version = "0.6.0"
source = "registry+https://github.com/rust-lang/crates.io-index"
checksum = "ec182b0ca2f35d8fc196cf3404988fd8b8c739a4d270ff118a398feb0cbec1ca"
dependencies = [
 "unicode-segmentation",
]

[[package]]
name = "crossbeam-utils"
version = "0.8.21"
source = "registry+https://github.com/rust-lang/crates.io-index"
checksum = "d0a5c400df2834b80a4c3327b3aad3a4c4cd4de0629063962b03235697506a28"

[[package]]
name = "derive_more"
version = "1.0.0"
source = "registry+https://github.com/rust-lang/crates.io-index"
checksum = "4a9b99b9cbbe49445b21764dc0625032a89b145a2642e67603e1c936f5458d05"
dependencies = [
 "derive_more-impl",
]

[[package]]
name = "derive_more-impl"
version = "1.0.0"
source = "registry+https://github.com/rust-lang/crates.io-index"
checksum = "cb7330aeadfbe296029522e6c40f315320aba36fc43a5b3632f3795348f3bd22"
dependencies = [
 "convert_case",
 "proc-macro2",
 "quote",
 "syn 2.0.77",
 "unicode-xid",
]

[[package]]
name = "foldhash"
version = "0.1.5"
source = "registry+https://github.com/rust-lang/crates.io-index"
checksum = "d9c4f5dac5e15c24eb999c26181a6ca40b39fe946cbe4c263c7209467bc83af2"

[[package]]
name = "funty"
version = "2.0.0"
source = "registry+https://github.com/rust-lang/crates.io-index"
checksum = "e6d5a32815ae3f33302d95fdcb2ce17862f8c65363dcfd29360480ba1001fc9c"

[[package]]
name = "goblin"
version = "0.9.3"
source = "registry+https://github.com/rust-lang/crates.io-index"
checksum = "daa0a64d21a7eb230583b4c5f4e23b7e4e57974f96620f42a7e75e08ae66d745"
dependencies = [
 "log",
 "plain",
 "scroll",
]

[[package]]
name = "hashbrown"
version = "0.15.4"
source = "registry+https://github.com/rust-lang/crates.io-index"
checksum = "5971ac85611da7067dbfcabef3c70ebb5606018acd9e2a3903a0da507521e0d5"
dependencies = [
 "foldhash",
]

[[package]]
name = "heck"
version = "0.5.0"
source = "registry+https://github.com/rust-lang/crates.io-index"
checksum = "2304e00983f87ffb38b55b444b5e3b60a884b5d30c0fca7d82fe33449bbe55ea"

[[package]]
name = "intrusive-collections"
version = "0.9.7"
source = "registry+https://github.com/rust-lang/crates.io-index"
checksum = "189d0897e4cbe8c75efedf3502c18c887b05046e59d28404d4d8e46cbc4d1e86"
dependencies = [
 "memoffset",
]

[[package]]
name = "koe-os"
version = "0.1.0"
dependencies = [
 "arrayvec",
 "atomic",
 "bitflags",
 "bitvec",
 "bytemuck",
 "derive_more",
 "goblin",
 "hashbrown",
 "intrusive-collections",
 "multiboot2",
 "no_std_io",
 "nonmax",
 "pinned-init",
 "ringbuf",
 "spin",
 "strum",
 "strum_macros",
]

[[package]]
name = "lock_api"
version = "0.4.12"
source = "registry+https://github.com/rust-lang/crates.io-index"
checksum = "07af8b9cdd281b7915f413fa73f29ebd5d55d0d3f0155584dade1ff18cea1b17"
dependencies = [
 "autocfg",
 "scopeguard",
]

[[package]]
name = "log"
version = "0.4.22"
source = "registry+https://github.com/rust-lang/crates.io-index"
checksum = "a7a70ba024b9dc04c27ea2f0c0548feb474ec5c54bba33a7f72f873a39d07b24"

[[package]]
name = "memchr"
version = "2.7.4"
source = "registry+https://github.com/rust-lang/crates.io-index"
checksum = "78ca9ab1a0babb1e7d5695e3530886289c18cf2f87ec19a575a0abdce112e3a3"

[[package]]
name = "memoffset"
version = "0.9.1"
source = "registry+https://github.com/rust-lang/crates.io-index"
checksum = "488016bfae457b036d996092f6cb448677611ce4449e970ceaf42695203f218a"
dependencies = [
 "autocfg",
]

[[package]]
name = "multiboot2"
version = "0.23.0"
source = "registry+https://github.com/rust-lang/crates.io-index"
checksum = "f8bcd36c1256cbfbabbd8da34d487a64b45bea009a869185708735951792f0f3"
dependencies = [
 "bitflags",
 "derive_more",
 "log",
 "multiboot2-common",
 "ptr_meta",
 "uefi-raw",
]

[[package]]
name = "multiboot2-common"
version = "0.2.1"
source = "registry+https://github.com/rust-lang/crates.io-index"
checksum = "fbabf8d9980d55576ba487924fa0b9a467fc0012b996b93d2319904f168ed8ab"
dependencies = [
 "derive_more",
 "ptr_meta",
]

[[package]]
name = "no_std_io"
version = "0.6.0"
source = "registry+https://github.com/rust-lang/crates.io-index"
checksum = "7fa5f306a6f2c01b4fd172f29bb46195b1764061bf926c75e96ff55df3178208"
dependencies = [
 "memchr",
]

[[package]]
name = "nonmax"
version = "0.5.5"
source = "registry+https://github.com/rust-lang/crates.io-index"
checksum = "610a5acd306ec67f907abe5567859a3c693fb9886eb1f012ab8f2a47bef3db51"

[[package]]
name = "paste"
version = "1.0.15"
source = "registry+https://github.com/rust-lang/crates.io-index"
checksum = "57c0d7b74b563b49d38dae00a0c37d4d6de9b432382b2892f0574ddcae73fd0a"

[[package]]
name = "pinned-init"
version = "0.0.9"
source = "registry+https://github.com/rust-lang/crates.io-index"
checksum = "e28139e842fd1f97cbff715492443ec6a49d31d72bb3948ff75a7a5047595b15"
dependencies = [
 "paste",
 "pinned-init-macro",
]

[[package]]
name = "pinned-init-macro"
version = "0.0.5"
source = "registry+https://github.com/rust-lang/crates.io-index"
checksum = "569a3fcf0e6334c6c46c1507f83a99ba30ae9cdc5761bdb2ca40f7eb55138bd4"
dependencies = [
 "proc-macro2",
 "quote",
]

[[package]]
name = "plain"
version = "0.2.3"
source = "registry+https://github.com/rust-lang/crates.io-index"
checksum = "b4596b6d070b27117e987119b4dac604f3c58cfb0b191112e24771b2faeac1a6"

[[package]]
name = "proc-macro2"
version = "1.0.86"
source = "registry+https://github.com/rust-lang/crates.io-index"
checksum = "5e719e8df665df0d1c8fbfd238015744736151d4445ec0836b8e628aae103b77"
dependencies = [
 "unicode-ident",
]

[[package]]
name = "ptr_meta"
version = "0.2.0"
source = "registry+https://github.com/rust-lang/crates.io-index"
checksum = "bcada80daa06c42ed5f48c9a043865edea5dc44cbf9ac009fda3b89526e28607"
dependencies = [
 "ptr_meta_derive",
]

[[package]]
name = "ptr_meta_derive"
version = "0.2.0"
source = "registry+https://github.com/rust-lang/crates.io-index"
checksum = "bca9224df2e20e7c5548aeb5f110a0f3b77ef05f8585139b7148b59056168ed2"
dependencies = [
 "proc-macro2",
 "quote",
 "syn 1.0.109",
]

[[package]]
name = "quote"
version = "1.0.37"
source = "registry+https://github.com/rust-lang/crates.io-index"
checksum = "b5b9d34b8991d19d98081b46eacdd8eb58c6f2b201139f7c5f643cc155a633af"
dependencies = [
 "proc-macro2",
]

[[package]]
name = "radium"
version = "0.7.0"
source = "registry+https://github.com/rust-lang/crates.io-index"
checksum = "dc33ff2d4973d518d823d61aa239014831e521c75da58e3df4840d3f47749d09"

[[package]]
name = "ringbuf"
version = "0.4.7"
source = "registry+https://github.com/rust-lang/crates.io-index"
checksum = "726bb493fe9cac765e8f96a144c3a8396bdf766dedad22e504b70b908dcbceb4"
dependencies = [
 "crossbeam-utils",
]

[[package]]
name = "rustversion"
version = "1.0.20"
source = "registry+https://github.com/rust-lang/crates.io-index"
checksum = "eded382c5f5f786b989652c49544c4877d9f015cc22e145a5ea8ea66c2921cd2"

[[package]]
name = "scopeguard"
version = "1.2.0"
source = "registry+https://github.com/rust-lang/crates.io-index"
checksum = "94143f37725109f92c262ed2cf5e59bce7498c01bcc1502d7b9afe439a4e9f49"

[[package]]
name = "scroll"
version = "0.12.0"
source = "registry+https://github.com/rust-lang/crates.io-index"
checksum = "6ab8598aa408498679922eff7fa985c25d58a90771bd6be794434c5277eab1a6"
dependencies = [
 "scroll_derive",
]

[[package]]
name = "scroll_derive"
version = "0.12.1"
source = "registry+https://github.com/rust-lang/crates.io-index"
checksum = "1783eabc414609e28a5ba76aee5ddd52199f7107a0b24c2e9746a1ecc34a683d"
dependencies = [
 "proc-macro2",
 "quote",
 "syn 2.0.77",
]

[[package]]
name = "spin"
version = "0.9.8"
source = "registry+https://github.com/rust-lang/crates.io-index"
checksum = "6980e8d7511241f8acf4aebddbb1ff938df5eebe98691418c4468d0b72a96a67"
dependencies = [
 "lock_api",
]

[[package]]
name = "strum"
version = "0.27.1"
source = "registry+https://github.com/rust-lang/crates.io-index"
checksum = "f64def088c51c9510a8579e3c5d67c65349dcf755e5479ad3d010aa6454e2c32"
dependencies = [
 "strum_macros",
]

[[package]]
name = "strum_macros"
version = "0.27.1"
source = "registry+https://github.com/rust-lang/crates.io-index"
checksum = "c77a8c5abcaf0f9ce05d62342b7d298c346515365c36b673df4ebe3ced01fde8"
dependencies = [
 "heck",
 "proc-macro2",
 "quote",
 "rustversion",
 "syn 2.0.77",
]

[[package]]
name = "syn"
version = "1.0.109"
source = "registry+https://github.com/rust-lang/crates.io-index"
checksum = "72b64191b275b66ffe2469e8af2c1cfe3bafa67b529ead792a6d0160888b4237"
dependencies = [
 "proc-macro2",
 "quote",
 "unicode-ident",
]

[[package]]
name = "syn"
version = "2.0.77"
source = "registry+https://github.com/rust-lang/crates.io-index"
checksum = "9f35bcdf61fd8e7be6caf75f429fdca8beb3ed76584befb503b1569faee373ed"
dependencies = [
 "proc-macro2",
 "quote",
 "unicode-ident",
]

[[package]]
name = "tap"
version = "1.0.1"
source = "registry+https://github.com/rust-lang/crates.io-index"
checksum = "55937e1799185b12863d447f42597ed69d9928686b8d88a1df17376a097d8369"

[[package]]
name = "uefi-raw"
version = "0.8.0"
source = "registry+https://github.com/rust-lang/crates.io-index"
checksum = "b463030b802e1265a3800fab24df95d3229c202c2e408832a206f05b4d1496ca"
dependencies = [
 "bitflags",
 "ptr_meta",
 "uguid",
]

[[package]]
name = "uguid"
version = "2.2.0"
source = "registry+https://github.com/rust-lang/crates.io-index"
checksum = "ab14ea9660d240e7865ce9d54ecdbd1cd9fa5802ae6f4512f093c7907e921533"

[[package]]
name = "unicode-ident"
version = "1.0.13"
source = "registry+https://github.com/rust-lang/crates.io-index"
checksum = "e91b56cd4cadaeb79bbf1a5645f6b4f8dc5bde8834ad5894a8db35fda9efa1fe"

[[package]]
name = "unicode-segmentation"
version = "1.10.1"
source = "registry+https://github.com/rust-lang/crates.io-index"
checksum = "1dd624098567895118886609431a7c3b8f516e41d30e0643f03d94592a147e36"

[[package]]
name = "unicode-xid"
version = "0.2.6"
source = "registry+https://github.com/rust-lang/crates.io-index"
checksum = "ebc1c04c71510c7f702b52b7c350734c9ff1295c464a03335b00bb84fc54f853"

[[package]]
name = "wyz"
version = "0.5.1"
source = "registry+https://github.com/rust-lang/crates.io-index"
checksum = "05f360fc0b24296329c78fda852a1e9ae82de9cf7b27dae4b7f62f118f77b9ed"
dependencies = [
 "tap",
]
